
Microsoft Visual Studio Solution File, Format Version 12.00
Project("{FAE04EC0-301F-11D3-BF4B-00C04F79EFBC}") = "BenBristow.Extensions", "BenBristow.Extensions\BenBristow.Extensions.csproj", "{76CE0896-9923-41AE-908D-982806ED3AB9}"
EndProject
Project("{FAE04EC0-301F-11D3-BF4B-00C04F79EFBC}") = "BenBristow.Extensions.UnitTests", "BenBristow.Extensions.UnitTests\BenBristow.Extensions.UnitTests.csproj", "{AC8F7893-AB45-493B-B616-9E39FE4447C4}"
EndProject
Global
	GlobalSection(SolutionConfigurationPlatforms) = preSolution
		Debug|Any CPU = Debug|Any CPU
		Release|Any CPU = Release|Any CPU
	EndGlobalSection
	GlobalSection(ProjectConfigurationPlatforms) = postSolution
		{76CE0896-9923-41AE-908D-982806ED3AB9}.Debug|Any CPU.ActiveCfg = Debug|Any CPU
		{76CE0896-9923-41AE-908D-982806ED3AB9}.Debug|Any CPU.Build.0 = Debug|Any CPU
		{76CE0896-9923-41AE-908D-982806ED3AB9}.Release|Any CPU.ActiveCfg = Release|Any CPU
		{76CE0896-9923-41AE-908D-982806ED3AB9}.Release|Any CPU.Build.0 = Release|Any CPU
		{AC8F7893-AB45-493B-B616-9E39FE4447C4}.Debug|Any CPU.ActiveCfg = Debug|Any CPU
		{AC8F7893-AB45-493B-B616-9E39FE4447C4}.Debug|Any CPU.Build.0 = Debug|Any CPU
		{AC8F7893-AB45-493B-B616-9E39FE4447C4}.Release|Any CPU.ActiveCfg = Release|Any CPU
		{AC8F7893-AB45-493B-B616-9E39FE4447C4}.Release|Any CPU.Build.0 = Release|Any CPU
	EndGlobalSection
EndGlobal
